
Microsoft Visual Studio Solution File, Format Version 12.00
# Visual Studio Version 16
VisualStudioVersion = 16.0.31515.178
MinimumVisualStudioVersion = 10.0.40219.1
Project("{9A19103F-16F7-4668-BE54-9A1E7A4F7556}") = "ApiCatalogoJogos", "ApiCatalogoJogos\ApiCatalogoJogos.csproj", "{947D7DB7-BF69-454C-B0F0-03C2B3F3C21C}"
EndProject
Project("{9A19103F-16F7-4668-BE54-9A1E7A4F7556}") = "ApiCatalogoJogos.Domain", "ApiCatalogoJogos.Domain\ApiCatalogoJogos.Domain.csproj", "{7657703F-CCB5-4316-AE4F-1A53EB5B519E}"
EndProject
Global
	GlobalSection(SolutionConfigurationPlatforms) = preSolution
		Debug|Any CPU = Debug|Any CPU
		Release|Any CPU = Release|Any CPU
	EndGlobalSection
	GlobalSection(ProjectConfigurationPlatforms) = postSolution
		{947D7DB7-BF69-454C-B0F0-03C2B3F3C21C}.Debug|Any CPU.ActiveCfg = Debug|Any CPU
		{947D7DB7-BF69-454C-B0F0-03C2B3F3C21C}.Debug|Any CPU.Build.0 = Debug|Any CPU
		{947D7DB7-BF69-454C-B0F0-03C2B3F3C21C}.Release|Any CPU.ActiveCfg = Release|Any CPU
		{947D7DB7-BF69-454C-B0F0-03C2B3F3C21C}.Release|Any CPU.Build.0 = Release|Any CPU
		{7657703F-CCB5-4316-AE4F-1A53EB5B519E}.Debug|Any CPU.ActiveCfg = Debug|Any CPU
		{7657703F-CCB5-4316-AE4F-1A53EB5B519E}.Debug|Any CPU.Build.0 = Debug|Any CPU
		{7657703F-CCB5-4316-AE4F-1A53EB5B519E}.Release|Any CPU.ActiveCfg = Release|Any CPU
		{7657703F-CCB5-4316-AE4F-1A53EB5B519E}.Release|Any CPU.Build.0 = Release|Any CPU
	EndGlobalSection
	GlobalSection(SolutionProperties) = preSolution
		HideSolutionNode = FALSE
	EndGlobalSection
	GlobalSection(ExtensibilityGlobals) = postSolution
		SolutionGuid = {A59B913E-025B-4FB0-A788-86A4DD459F6D}
	EndGlobalSection
EndGlobal
